
Microsoft Visual Studio Solution File, Format Version 12.00
# Visual Studio 14
VisualStudioVersion = 14.0.25123.0
MinimumVisualStudioVersion = 10.0.40219.1
Project("{FAE04EC0-301F-11D3-BF4B-00C04F79EFBC}") = "SysforeShopping", "SysforeShopping\SysforeShopping.csproj", "{B0613B2C-2423-490C-9833-0E99CE309CA3}"
EndProject
Project("{FAE04EC0-301F-11D3-BF4B-00C04F79EFBC}") = "DataLibrary", "..\DataLibrary\DataLibrary\DataLibrary.csproj", "{BECC5A13-5681-4797-88EB-BB5ED26414A3}"
EndProject
Global
	GlobalSection(SolutionConfigurationPlatforms) = preSolution
		Debug|Any CPU = Debug|Any CPU
		Release|Any CPU = Release|Any CPU
	EndGlobalSection
	GlobalSection(ProjectConfigurationPlatforms) = postSolution
		{B0613B2C-2423-490C-9833-0E99CE309CA3}.Debug|Any CPU.ActiveCfg = Debug|Any CPU
		{B0613B2C-2423-490C-9833-0E99CE309CA3}.Debug|Any CPU.Build.0 = Debug|Any CPU
		{B0613B2C-2423-490C-9833-0E99CE309CA3}.Release|Any CPU.ActiveCfg = Release|Any CPU
		{B0613B2C-2423-490C-9833-0E99CE309CA3}.Release|Any CPU.Build.0 = Release|Any CPU
		{BECC5A13-5681-4797-88EB-BB5ED26414A3}.Debug|Any CPU.ActiveCfg = Debug|Any CPU
		{BECC5A13-5681-4797-88EB-BB5ED26414A3}.Debug|Any CPU.Build.0 = Debug|Any CPU
		{BECC5A13-5681-4797-88EB-BB5ED26414A3}.Release|Any CPU.ActiveCfg = Release|Any CPU
		{BECC5A13-5681-4797-88EB-BB5ED26414A3}.Release|Any CPU.Build.0 = Release|Any CPU
	EndGlobalSection
	GlobalSection(SolutionProperties) = preSolution
		HideSolutionNode = FALSE
	EndGlobalSection
EndGlobal
